
Microsoft Visual Studio Solution File, Format Version 12.00
# Visual Studio Version 17
VisualStudioVersion = 17.8.34525.116
MinimumVisualStudioVersion = 10.0.40219.1
Project("{9A19103F-16F7-4668-BE54-9A1E7A4F7556}") = "CC-oop", "crashCourse\CC-oop.csproj", "{5E69F27B-1931-4BEA-A51F-3E5A568FBF01}"
EndProject
Project("{9A19103F-16F7-4668-BE54-9A1E7A4F7556}") = "1-StructVSClass", "StructVSClass\1-StructVSClass.csproj", "{0920ABE4-498C-4E7D-AAF7-CE08A8AB49C7}"
EndProject
Project("{9A19103F-16F7-4668-BE54-9A1E7A4F7556}") = "1-2Sealed", "Seal\1-2Sealed.csproj", "{24DA6AB3-5261-47D6-B0B2-82B4E528B683}"
EndProject
Project("{9A19103F-16F7-4668-BE54-9A1E7A4F7556}") = "2-Private", "Private\2-Private.csproj", "{73FBD13D-5620-4438-8789-12B34CB79BF3}"
EndProject
Project("{9A19103F-16F7-4668-BE54-9A1E7A4F7556}") = "3-privatePublicProtected", "3-privatePublicProtected\3-privatePublicProtected.csproj", "{A1BDB4E2-DC7F-44A3-BB58-A84986BBA92F}"
EndProject
Project("{9A19103F-16F7-4668-BE54-9A1E7A4F7556}") = "4-RefOut", "RefOut\4-RefOut.csproj", "{21D523A1-4F7D-45EA-AD68-8AA893C54966}"
EndProject
Project("{9A19103F-16F7-4668-BE54-9A1E7A4F7556}") = "5-Constructor", "ConstructorAndStatic\5-Constructor.csproj", "{4D4EE13A-5309-4802-8B66-241FFDA9C289}"
EndProject
Project("{9A19103F-16F7-4668-BE54-9A1E7A4F7556}") = "6-StaticVar", "Static\6-StaticVar.csproj", "{4A328315-B863-4CCF-B7F4-C32ABE915C36}"
EndProject
Project("{9A19103F-16F7-4668-BE54-9A1E7A4F7556}") = "playground", "playground\playground.csproj", "{98F4058D-D7E9-4A29-960C-D4022BDC5E92}"
EndProject
Project("{9A19103F-16F7-4668-BE54-9A1E7A4F7556}") = "OOP2-PM", "OOP2-PM\OOP2-PM.csproj", "{86920855-D7D7-4A8B-B88A-3674E3EB1FF5}"
EndProject
Project("{9A19103F-16F7-4668-BE54-9A1E7A4F7556}") = "Vehicle_Interface1", "Interface\Vehicle_Interface1.csproj", "{C22F61D3-D48F-414D-BC8C-E7D6B3CF3C81}"
EndProject
Project("{9A19103F-16F7-4668-BE54-9A1E7A4F7556}") = "Electronic_Interface2", "Electronic_Interface2\Electronic_Interface2.csproj", "{BEAE2418-D880-4106-B6E5-A03343A905FC}"
EndProject
Project("{9A19103F-16F7-4668-BE54-9A1E7A4F7556}") = "WarriorsFightToTheDeath", "WarriorsFightToTheDeath\WarriorsFightToTheDeath.csproj", "{BC17EAB2-9F75-48E9-9370-31F8F26F1EB7}"
EndProject
Project("{9A19103F-16F7-4668-BE54-9A1E7A4F7556}") = "ArrayList", "ArrayList\ArrayList.csproj", "{23595F3F-517F-429E-B4DA-1DDC77C73F97}"
EndProject
Project("{9A19103F-16F7-4668-BE54-9A1E7A4F7556}") = "Dictionary", "Dictionary\Dictionary.csproj", "{2A7F0284-6AE9-409E-91B8-419A386F5F5D}"
EndProject
Project("{9A19103F-16F7-4668-BE54-9A1E7A4F7556}") = "Queue", "Queue\Queue.csproj", "{ABE0A46D-C723-4260-8244-CB5C0EA159A0}"
EndProject
Project("{9A19103F-16F7-4668-BE54-9A1E7A4F7556}") = "Stack", "Stack\Stack.csproj", "{432D2888-F5E7-4352-8807-32CBCDF5A868}"
EndProject
Project("{9A19103F-16F7-4668-BE54-9A1E7A4F7556}") = "Generic", "Generic\Generic.csproj", "{C3686B07-D9E8-4FB3-BD99-7DCB550F8CFF}"
EndProject
Project("{9A19103F-16F7-4668-BE54-9A1E7A4F7556}") = "Delegate", "Delegate\Delegate.csproj", "{DDB2ECF9-3914-4C2C-9C8F-6B5009B2BBA5}"
EndProject
Project("{9A19103F-16F7-4668-BE54-9A1E7A4F7556}") = "IEnumerator", "IEnumerator\IEnumerator.csproj", "{95E89FF6-0743-4B3B-91F3-C84608EA2AD1}"
EndProject
Project("{9A19103F-16F7-4668-BE54-9A1E7A4F7556}") = "Linq", "Linq\Linq.csproj", "{30E519AB-ADE2-4F50-83A0-66E2C63E1B19}"
EndProject
Project("{9A19103F-16F7-4668-BE54-9A1E7A4F7556}") = "Threadd", "Threadd\Threadd.csproj", "{3BCA15EE-1946-4ED8-822D-3E20439C5331}"
EndProject
Project("{FAE04EC0-301F-11D3-BF4B-00C04F79EFBC}") = "FI", "FI\FI.csproj", "{CEA85A5F-0EC6-4B62-96AE-130A0B3B0682}"
EndProject
Project("{FAE04EC0-301F-11D3-BF4B-00C04F79EFBC}") = "BinaryWriterAndReader", "BinaryWriterAndReader\BinaryWriterAndReader.csproj", "{67316EE2-199B-4B06-965D-17E6A7EF424D}"
EndProject
Project("{FAE04EC0-301F-11D3-BF4B-00C04F79EFBC}") = "Serialization_Json", "Serialization_\Serialization_Json.csproj", "{31EFFA71-6053-48DC-A957-D6CF00717719}"
EndProject
Global
	GlobalSection(SolutionConfigurationPlatforms) = preSolution
		Debug|Any CPU = Debug|Any CPU
		Release|Any CPU = Release|Any CPU
	EndGlobalSection
	GlobalSection(ProjectConfigurationPlatforms) = postSolution
		{5E69F27B-1931-4BEA-A51F-3E5A568FBF01}.Debug|Any CPU.ActiveCfg = Debug|Any CPU
		{5E69F27B-1931-4BEA-A51F-3E5A568FBF01}.Debug|Any CPU.Build.0 = Debug|Any CPU
		{5E69F27B-1931-4BEA-A51F-3E5A568FBF01}.Release|Any CPU.ActiveCfg = Release|Any CPU
		{5E69F27B-1931-4BEA-A51F-3E5A568FBF01}.Release|Any CPU.Build.0 = Release|Any CPU
		{0920ABE4-498C-4E7D-AAF7-CE08A8AB49C7}.Debug|Any CPU.ActiveCfg = Debug|Any CPU
		{0920ABE4-498C-4E7D-AAF7-CE08A8AB49C7}.Debug|Any CPU.Build.0 = Debug|Any CPU
		{0920ABE4-498C-4E7D-AAF7-CE08A8AB49C7}.Release|Any CPU.ActiveCfg = Release|Any CPU
		{0920ABE4-498C-4E7D-AAF7-CE08A8AB49C7}.Release|Any CPU.Build.0 = Release|Any CPU
		{24DA6AB3-5261-47D6-B0B2-82B4E528B683}.Debug|Any CPU.ActiveCfg = Debug|Any CPU
		{24DA6AB3-5261-47D6-B0B2-82B4E528B683}.Debug|Any CPU.Build.0 = Debug|Any CPU
		{24DA6AB3-5261-47D6-B0B2-82B4E528B683}.Release|Any CPU.ActiveCfg = Release|Any CPU
		{24DA6AB3-5261-47D6-B0B2-82B4E528B683}.Release|Any CPU.Build.0 = Release|Any CPU
		{73FBD13D-5620-4438-8789-12B34CB79BF3}.Debug|Any CPU.ActiveCfg = Debug|Any CPU
		{73FBD13D-5620-4438-8789-12B34CB79BF3}.Debug|Any CPU.Build.0 = Debug|Any CPU
		{73FBD13D-5620-4438-8789-12B34CB79BF3}.Release|Any CPU.ActiveCfg = Release|Any CPU
		{73FBD13D-5620-4438-8789-12B34CB79BF3}.Release|Any CPU.Build.0 = Release|Any CPU
		{A1BDB4E2-DC7F-44A3-BB58-A84986BBA92F}.Debug|Any CPU.ActiveCfg = Debug|Any CPU
		{A1BDB4E2-DC7F-44A3-BB58-A84986BBA92F}.Debug|Any CPU.Build.0 = Debug|Any CPU
		{A1BDB4E2-DC7F-44A3-BB58-A84986BBA92F}.Release|Any CPU.ActiveCfg = Release|Any CPU
		{A1BDB4E2-DC7F-44A3-BB58-A84986BBA92F}.Release|Any CPU.Build.0 = Release|Any CPU
		{21D523A1-4F7D-45EA-AD68-8AA893C54966}.Debug|Any CPU.ActiveCfg = Debug|Any CPU
		{21D523A1-4F7D-45EA-AD68-8AA893C54966}.Debug|Any CPU.Build.0 = Debug|Any CPU
		{21D523A1-4F7D-45EA-AD68-8AA893C54966}.Release|Any CPU.ActiveCfg = Release|Any CPU
		{21D523A1-4F7D-45EA-AD68-8AA893C54966}.Release|Any CPU.Build.0 = Release|Any CPU
		{4D4EE13A-5309-4802-8B66-241FFDA9C289}.Debug|Any CPU.ActiveCfg = Debug|Any CPU
		{4D4EE13A-5309-4802-8B66-241FFDA9C289}.Debug|Any CPU.Build.0 = Debug|Any CPU
		{4D4EE13A-5309-4802-8B66-241FFDA9C289}.Release|Any CPU.ActiveCfg = Release|Any CPU
		{4D4EE13A-5309-4802-8B66-241FFDA9C289}.Release|Any CPU.Build.0 = Release|Any CPU
		{4A328315-B863-4CCF-B7F4-C32ABE915C36}.Debug|Any CPU.ActiveCfg = Debug|Any CPU
		{4A328315-B863-4CCF-B7F4-C32ABE915C36}.Debug|Any CPU.Build.0 = Debug|Any CPU
		{4A328315-B863-4CCF-B7F4-C32ABE915C36}.Release|Any CPU.ActiveCfg = Release|Any CPU
		{4A328315-B863-4CCF-B7F4-C32ABE915C36}.Release|Any CPU.Build.0 = Release|Any CPU
		{98F4058D-D7E9-4A29-960C-D4022BDC5E92}.Debug|Any CPU.ActiveCfg = Debug|Any CPU
		{98F4058D-D7E9-4A29-960C-D4022BDC5E92}.Debug|Any CPU.Build.0 = Debug|Any CPU
		{98F4058D-D7E9-4A29-960C-D4022BDC5E92}.Release|Any CPU.ActiveCfg = Release|Any CPU
		{98F4058D-D7E9-4A29-960C-D4022BDC5E92}.Release|Any CPU.Build.0 = Release|Any CPU
		{86920855-D7D7-4A8B-B88A-3674E3EB1FF5}.Debug|Any CPU.ActiveCfg = Debug|Any CPU
		{86920855-D7D7-4A8B-B88A-3674E3EB1FF5}.Debug|Any CPU.Build.0 = Debug|Any CPU
		{86920855-D7D7-4A8B-B88A-3674E3EB1FF5}.Release|Any CPU.ActiveCfg = Release|Any CPU
		{86920855-D7D7-4A8B-B88A-3674E3EB1FF5}.Release|Any CPU.Build.0 = Release|Any CPU
		{C22F61D3-D48F-414D-BC8C-E7D6B3CF3C81}.Debug|Any CPU.ActiveCfg = Debug|Any CPU
		{C22F61D3-D48F-414D-BC8C-E7D6B3CF3C81}.Debug|Any CPU.Build.0 = Debug|Any CPU
		{C22F61D3-D48F-414D-BC8C-E7D6B3CF3C81}.Release|Any CPU.ActiveCfg = Release|Any CPU
		{C22F61D3-D48F-414D-BC8C-E7D6B3CF3C81}.Release|Any CPU.Build.0 = Release|Any CPU
		{BEAE2418-D880-4106-B6E5-A03343A905FC}.Debug|Any CPU.ActiveCfg = Debug|Any CPU
		{BEAE2418-D880-4106-B6E5-A03343A905FC}.Debug|Any CPU.Build.0 = Debug|Any CPU
		{BEAE2418-D880-4106-B6E5-A03343A905FC}.Release|Any CPU.ActiveCfg = Release|Any CPU
		{BEAE2418-D880-4106-B6E5-A03343A905FC}.Release|Any CPU.Build.0 = Release|Any CPU
		{BC17EAB2-9F75-48E9-9370-31F8F26F1EB7}.Debug|Any CPU.ActiveCfg = Debug|Any CPU
		{BC17EAB2-9F75-48E9-9370-31F8F26F1EB7}.Debug|Any CPU.Build.0 = Debug|Any CPU
		{BC17EAB2-9F75-48E9-9370-31F8F26F1EB7}.Release|Any CPU.ActiveCfg = Release|Any CPU
		{BC17EAB2-9F75-48E9-9370-31F8F26F1EB7}.Release|Any CPU.Build.0 = Release|Any CPU
		{23595F3F-517F-429E-B4DA-1DDC77C73F97}.Debug|Any CPU.ActiveCfg = Debug|Any CPU
		{23595F3F-517F-429E-B4DA-1DDC77C73F97}.Debug|Any CPU.Build.0 = Debug|Any CPU
		{23595F3F-517F-429E-B4DA-1DDC77C73F97}.Release|Any CPU.ActiveCfg = Release|Any CPU
		{23595F3F-517F-429E-B4DA-1DDC77C73F97}.Release|Any CPU.Build.0 = Release|Any CPU
		{2A7F0284-6AE9-409E-91B8-419A386F5F5D}.Debug|Any CPU.ActiveCfg = Debug|Any CPU
		{2A7F0284-6AE9-409E-91B8-419A386F5F5D}.Debug|Any CPU.Build.0 = Debug|Any CPU
		{2A7F0284-6AE9-409E-91B8-419A386F5F5D}.Release|Any CPU.ActiveCfg = Release|Any CPU
		{2A7F0284-6AE9-409E-91B8-419A386F5F5D}.Release|Any CPU.Build.0 = Release|Any CPU
		{ABE0A46D-C723-4260-8244-CB5C0EA159A0}.Debug|Any CPU.ActiveCfg = Debug|Any CPU
		{ABE0A46D-C723-4260-8244-CB5C0EA159A0}.Debug|Any CPU.Build.0 = Debug|Any CPU
		{ABE0A46D-C723-4260-8244-CB5C0EA159A0}.Release|Any CPU.ActiveCfg = Release|Any CPU
		{ABE0A46D-C723-4260-8244-CB5C0EA159A0}.Release|Any CPU.Build.0 = Release|Any CPU
		{432D2888-F5E7-4352-8807-32CBCDF5A868}.Debug|Any CPU.ActiveCfg = Debug|Any CPU
		{432D2888-F5E7-4352-8807-32CBCDF5A868}.Debug|Any CPU.Build.0 = Debug|Any CPU
		{432D2888-F5E7-4352-8807-32CBCDF5A868}.Release|Any CPU.ActiveCfg = Release|Any CPU
		{432D2888-F5E7-4352-8807-32CBCDF5A868}.Release|Any CPU.Build.0 = Release|Any CPU
		{C3686B07-D9E8-4FB3-BD99-7DCB550F8CFF}.Debug|Any CPU.ActiveCfg = Debug|Any CPU
		{C3686B07-D9E8-4FB3-BD99-7DCB550F8CFF}.Debug|Any CPU.Build.0 = Debug|Any CPU
		{C3686B07-D9E8-4FB3-BD99-7DCB550F8CFF}.Release|Any CPU.ActiveCfg = Release|Any CPU
		{C3686B07-D9E8-4FB3-BD99-7DCB550F8CFF}.Release|Any CPU.Build.0 = Release|Any CPU
		{DDB2ECF9-3914-4C2C-9C8F-6B5009B2BBA5}.Debug|Any CPU.ActiveCfg = Debug|Any CPU
		{DDB2ECF9-3914-4C2C-9C8F-6B5009B2BBA5}.Debug|Any CPU.Build.0 = Debug|Any CPU
		{DDB2ECF9-3914-4C2C-9C8F-6B5009B2BBA5}.Release|Any CPU.ActiveCfg = Release|Any CPU
		{DDB2ECF9-3914-4C2C-9C8F-6B5009B2BBA5}.Release|Any CPU.Build.0 = Release|Any CPU
		{95E89FF6-0743-4B3B-91F3-C84608EA2AD1}.Debug|Any CPU.ActiveCfg = Debug|Any CPU
		{95E89FF6-0743-4B3B-91F3-C84608EA2AD1}.Debug|Any CPU.Build.0 = Debug|Any CPU
		{95E89FF6-0743-4B3B-91F3-C84608EA2AD1}.Release|Any CPU.ActiveCfg = Release|Any CPU
		{95E89FF6-0743-4B3B-91F3-C84608EA2AD1}.Release|Any CPU.Build.0 = Release|Any CPU
		{30E519AB-ADE2-4F50-83A0-66E2C63E1B19}.Debug|Any CPU.ActiveCfg = Debug|Any CPU
		{30E519AB-ADE2-4F50-83A0-66E2C63E1B19}.Debug|Any CPU.Build.0 = Debug|Any CPU
		{30E519AB-ADE2-4F50-83A0-66E2C63E1B19}.Release|Any CPU.ActiveCfg = Release|Any CPU
		{30E519AB-ADE2-4F50-83A0-66E2C63E1B19}.Release|Any CPU.Build.0 = Release|Any CPU
		{3BCA15EE-1946-4ED8-822D-3E20439C5331}.Debug|Any CPU.ActiveCfg = Debug|Any CPU
		{3BCA15EE-1946-4ED8-822D-3E20439C5331}.Debug|Any CPU.Build.0 = Debug|Any CPU
		{3BCA15EE-1946-4ED8-822D-3E20439C5331}.Release|Any CPU.ActiveCfg = Release|Any CPU
		{3BCA15EE-1946-4ED8-822D-3E20439C5331}.Release|Any CPU.Build.0 = Release|Any CPU
		{CEA85A5F-0EC6-4B62-96AE-130A0B3B0682}.Debug|Any CPU.ActiveCfg = Debug|Any CPU
		{CEA85A5F-0EC6-4B62-96AE-130A0B3B0682}.Debug|Any CPU.Build.0 = Debug|Any CPU
		{CEA85A5F-0EC6-4B62-96AE-130A0B3B0682}.Release|Any CPU.ActiveCfg = Release|Any CPU
		{CEA85A5F-0EC6-4B62-96AE-130A0B3B0682}.Release|Any CPU.Build.0 = Release|Any CPU
		{67316EE2-199B-4B06-965D-17E6A7EF424D}.Debug|Any CPU.ActiveCfg = Debug|Any CPU
		{67316EE2-199B-4B06-965D-17E6A7EF424D}.Debug|Any CPU.Build.0 = Debug|Any CPU
		{67316EE2-199B-4B06-965D-17E6A7EF424D}.Release|Any CPU.ActiveCfg = Release|Any CPU
		{67316EE2-199B-4B06-965D-17E6A7EF424D}.Release|Any CPU.Build.0 = Release|Any CPU
		{31EFFA71-6053-48DC-A957-D6CF00717719}.Debug|Any CPU.ActiveCfg = Debug|Any CPU
		{31EFFA71-6053-48DC-A957-D6CF00717719}.Debug|Any CPU.Build.0 = Debug|Any CPU
		{31EFFA71-6053-48DC-A957-D6CF00717719}.Release|Any CPU.ActiveCfg = Release|Any CPU
		{31EFFA71-6053-48DC-A957-D6CF00717719}.Release|Any CPU.Build.0 = Release|Any CPU
	EndGlobalSection
	GlobalSection(SolutionProperties) = preSolution
		HideSolutionNode = FALSE
	EndGlobalSection
	GlobalSection(ExtensibilityGlobals) = postSolution
		SolutionGuid = {4E8CF7E5-A08B-4378-ABCD-ADC4C8F4B306}
	EndGlobalSection
EndGlobal
