
Microsoft Visual Studio Solution File, Format Version 12.00
# Visual Studio Version 17
VisualStudioVersion = 17.8.34525.116
MinimumVisualStudioVersion = 10.0.40219.1
Project("{FAE04EC0-301F-11D3-BF4B-00C04F79EFBC}") = "chap2_21", "chap2_21\chap2_21.csproj", "{269124A8-A474-4940-92A5-F7DFCA96CC7F}"
EndProject
Global
	GlobalSection(SolutionConfigurationPlatforms) = preSolution
		Debug|Any CPU = Debug|Any CPU
		Release|Any CPU = Release|Any CPU
	EndGlobalSection
	GlobalSection(ProjectConfigurationPlatforms) = postSolution
		{269124A8-A474-4940-92A5-F7DFCA96CC7F}.Debug|Any CPU.ActiveCfg = Debug|Any CPU
		{269124A8-A474-4940-92A5-F7DFCA96CC7F}.Debug|Any CPU.Build.0 = Debug|Any CPU
		{269124A8-A474-4940-92A5-F7DFCA96CC7F}.Release|Any CPU.ActiveCfg = Release|Any CPU
		{269124A8-A474-4940-92A5-F7DFCA96CC7F}.Release|Any CPU.Build.0 = Release|Any CPU
	EndGlobalSection
	GlobalSection(SolutionProperties) = preSolution
		HideSolutionNode = FALSE
	EndGlobalSection
	GlobalSection(ExtensibilityGlobals) = postSolution
		SolutionGuid = {CF369C34-2FDC-4273-9D78-320DBD7B7BC3}
	EndGlobalSection
EndGlobal
