
Microsoft Visual Studio Solution File, Format Version 12.00
# Visual Studio Version 17
VisualStudioVersion = 17.8.34511.84
MinimumVisualStudioVersion = 10.0.40219.1
Project("{FAE04EC0-301F-11D3-BF4B-00C04F79EFBC}") = "conditional", "conditional\conditional.csproj", "{7F702CDC-02FF-448E-A679-CC9BE91B7CD8}"
EndProject
Global
	GlobalSection(SolutionConfigurationPlatforms) = preSolution
		Debug|Any CPU = Debug|Any CPU
		Release|Any CPU = Release|Any CPU
	EndGlobalSection
	GlobalSection(ProjectConfigurationPlatforms) = postSolution
		{7F702CDC-02FF-448E-A679-CC9BE91B7CD8}.Debug|Any CPU.ActiveCfg = Debug|Any CPU
		{7F702CDC-02FF-448E-A679-CC9BE91B7CD8}.Debug|Any CPU.Build.0 = Debug|Any CPU
		{7F702CDC-02FF-448E-A679-CC9BE91B7CD8}.Release|Any CPU.ActiveCfg = Release|Any CPU
		{7F702CDC-02FF-448E-A679-CC9BE91B7CD8}.Release|Any CPU.Build.0 = Release|Any CPU
	EndGlobalSection
	GlobalSection(SolutionProperties) = preSolution
		HideSolutionNode = FALSE
	EndGlobalSection
	GlobalSection(ExtensibilityGlobals) = postSolution
		SolutionGuid = {5601C1F0-968E-43EB-AD8A-CD4CCBE635AA}
	EndGlobalSection
EndGlobal
