
Microsoft Visual Studio Solution File, Format Version 12.00
# Visual Studio Version 17
VisualStudioVersion = 17.8.34525.116
MinimumVisualStudioVersion = 10.0.40219.1
Project("{FAE04EC0-301F-11D3-BF4B-00C04F79EFBC}") = "GussingGame", "GussingGame\GussingGame.csproj", "{A5855B23-B9FF-43AE-94D4-5ABB0A2D2DDB}"
EndProject
Global
	GlobalSection(SolutionConfigurationPlatforms) = preSolution
		Debug|Any CPU = Debug|Any CPU
		Release|Any CPU = Release|Any CPU
	EndGlobalSection
	GlobalSection(ProjectConfigurationPlatforms) = postSolution
		{A5855B23-B9FF-43AE-94D4-5ABB0A2D2DDB}.Debug|Any CPU.ActiveCfg = Debug|Any CPU
		{A5855B23-B9FF-43AE-94D4-5ABB0A2D2DDB}.Debug|Any CPU.Build.0 = Debug|Any CPU
		{A5855B23-B9FF-43AE-94D4-5ABB0A2D2DDB}.Release|Any CPU.ActiveCfg = Release|Any CPU
		{A5855B23-B9FF-43AE-94D4-5ABB0A2D2DDB}.Release|Any CPU.Build.0 = Release|Any CPU
	EndGlobalSection
	GlobalSection(SolutionProperties) = preSolution
		HideSolutionNode = FALSE
	EndGlobalSection
	GlobalSection(ExtensibilityGlobals) = postSolution
		SolutionGuid = {DF060CB3-3E06-44FD-828B-7BAE05A8468A}
	EndGlobalSection
EndGlobal
