
Microsoft Visual Studio Solution File, Format Version 12.00
# Visual Studio Version 17
VisualStudioVersion = 17.8.34525.116
MinimumVisualStudioVersion = 10.0.40219.1
Project("{FAE04EC0-301F-11D3-BF4B-00C04F79EFBC}") = "Chapt4", "Chapt4\Chapt4.csproj", "{B2417581-DF8C-449A-AA02-A88F73510140}"
EndProject
Project("{FAE04EC0-301F-11D3-BF4B-00C04F79EFBC}") = "virtualMethods-practice", "virtualMethods-practice\virtualMethods-practice.csproj", "{6A4B74F1-B742-4647-95D9-311D7EF4094E}"
EndProject
Global
	GlobalSection(SolutionConfigurationPlatforms) = preSolution
		Debug|Any CPU = Debug|Any CPU
		Release|Any CPU = Release|Any CPU
	EndGlobalSection
	GlobalSection(ProjectConfigurationPlatforms) = postSolution
		{B2417581-DF8C-449A-AA02-A88F73510140}.Debug|Any CPU.ActiveCfg = Debug|Any CPU
		{B2417581-DF8C-449A-AA02-A88F73510140}.Debug|Any CPU.Build.0 = Debug|Any CPU
		{B2417581-DF8C-449A-AA02-A88F73510140}.Release|Any CPU.ActiveCfg = Release|Any CPU
		{B2417581-DF8C-449A-AA02-A88F73510140}.Release|Any CPU.Build.0 = Release|Any CPU
		{6A4B74F1-B742-4647-95D9-311D7EF4094E}.Debug|Any CPU.ActiveCfg = Debug|Any CPU
		{6A4B74F1-B742-4647-95D9-311D7EF4094E}.Debug|Any CPU.Build.0 = Debug|Any CPU
		{6A4B74F1-B742-4647-95D9-311D7EF4094E}.Release|Any CPU.ActiveCfg = Release|Any CPU
		{6A4B74F1-B742-4647-95D9-311D7EF4094E}.Release|Any CPU.Build.0 = Release|Any CPU
	EndGlobalSection
	GlobalSection(SolutionProperties) = preSolution
		HideSolutionNode = FALSE
	EndGlobalSection
	GlobalSection(ExtensibilityGlobals) = postSolution
		SolutionGuid = {CF20A296-595D-41F4-8566-FFB1FCCC96D3}
	EndGlobalSection
EndGlobal
