
Microsoft Visual Studio Solution File, Format Version 12.00
# Visual Studio Version 17
VisualStudioVersion = 17.8.34511.84
MinimumVisualStudioVersion = 10.0.40219.1
Project("{FAE04EC0-301F-11D3-BF4B-00C04F79EFBC}") = "TodoList", "TodoList\TodoList.csproj", "{A582DCA7-D4DD-45D5-82BE-7949DC0B0994}"
EndProject
Global
	GlobalSection(SolutionConfigurationPlatforms) = preSolution
		Debug|Any CPU = Debug|Any CPU
		Release|Any CPU = Release|Any CPU
	EndGlobalSection
	GlobalSection(ProjectConfigurationPlatforms) = postSolution
		{A582DCA7-D4DD-45D5-82BE-7949DC0B0994}.Debug|Any CPU.ActiveCfg = Debug|Any CPU
		{A582DCA7-D4DD-45D5-82BE-7949DC0B0994}.Debug|Any CPU.Build.0 = Debug|Any CPU
		{A582DCA7-D4DD-45D5-82BE-7949DC0B0994}.Release|Any CPU.ActiveCfg = Release|Any CPU
		{A582DCA7-D4DD-45D5-82BE-7949DC0B0994}.Release|Any CPU.Build.0 = Release|Any CPU
	EndGlobalSection
	GlobalSection(SolutionProperties) = preSolution
		HideSolutionNode = FALSE
	EndGlobalSection
	GlobalSection(ExtensibilityGlobals) = postSolution
		SolutionGuid = {08A09C47-571A-4A7B-B128-4097D0CBAB34}
	EndGlobalSection
EndGlobal
